// !$*UTF8*$!
{
	archiveVersion = 1;
	classes = {
	};
	objectVersion = 46;
	objects = {

/* Begin PBXBuildFile section */
		9936A9C01D07F9C700AE4E6C /* MenuItemTableViewCell.swift in Sources */ = {isa = PBXBuildFile; fileRef = 9936A9BF1D07F9C700AE4E6C /* MenuItemTableViewCell.swift */; };
		9936A9C21D0802C600AE4E6C /* MenuItem.swift in Sources */ = {isa = PBXBuildFile; fileRef = 9936A9C11D0802C600AE4E6C /* MenuItem.swift */; };
		9936A9C41D080A0300AE4E6C /* MainViewController.swift in Sources */ = {isa = PBXBuildFile; fileRef = 9936A9C31D080A0300AE4E6C /* MainViewController.swift */; };
		9948AAE21D05CAB4005F88BF /* AppDelegate.swift in Sources */ = {isa = PBXBuildFile; fileRef = 9948AAE11D05CAB4005F88BF /* AppDelegate.swift */; };
		9948AAE71D05CAB5005F88BF /* Main.storyboard in Resources */ = {isa = PBXBuildFile; fileRef = 9948AAE51D05CAB5005F88BF /* Main.storyboard */; };
		9948AAEA1D05CAB5005F88BF /* Agoda.xcdatamodeld in Sources */ = {isa = PBXBuildFile; fileRef = 9948AAE81D05CAB5005F88BF /* Agoda.xcdatamodeld */; };
		9948AAEC1D05CAB5005F88BF /* Assets.xcassets in Resources */ = {isa = PBXBuildFile; fileRef = 9948AAEB1D05CAB5005F88BF /* Assets.xcassets */; };
		9948AAEF1D05CAB5005F88BF /* LaunchScreen.storyboard in Resources */ = {isa = PBXBuildFile; fileRef = 9948AAED1D05CAB5005F88BF /* LaunchScreen.storyboard */; };
		995B0A251D09A73200F8432F /* ResultViewController.swift in Sources */ = {isa = PBXBuildFile; fileRef = 995B0A241D09A73200F8432F /* ResultViewController.swift */; };
		998A8B061D065EAB0013AFFD /* HomePageViewController.swift in Sources */ = {isa = PBXBuildFile; fileRef = 998A8B051D065EAB0013AFFD /* HomePageViewController.swift */; };
		998A8B081D0660080013AFFD /* ViewController.swift in Sources */ = {isa = PBXBuildFile; fileRef = 998A8B071D0660080013AFFD /* ViewController.swift */; };
		998A8B0A1D0661DF0013AFFD /* Place.swift in Sources */ = {isa = PBXBuildFile; fileRef = 998A8B091D0661DF0013AFFD /* Place.swift */; };
		998A8B0C1D0698210013AFFD /* AgodaView.xib in Resources */ = {isa = PBXBuildFile; fileRef = 998A8B0B1D0698210013AFFD /* AgodaView.xib */; };
		998A8B0E1D0699470013AFFD /* AgodaView.swift in Sources */ = {isa = PBXBuildFile; fileRef = 998A8B0D1D0699470013AFFD /* AgodaView.swift */; };
		998A8B111D0699D00013AFFD /* UIView_Extension.swift in Sources */ = {isa = PBXBuildFile; fileRef = 998A8B101D0699D00013AFFD /* UIView_Extension.swift */; };
		998A8B131D069D500013AFFD /* SearchViewController.swift in Sources */ = {isa = PBXBuildFile; fileRef = 998A8B121D069D500013AFFD /* SearchViewController.swift */; };
		998A8B151D069DC40013AFFD /* UIViewController_Extension.swift in Sources */ = {isa = PBXBuildFile; fileRef = 998A8B141D069DC40013AFFD /* UIViewController_Extension.swift */; };
		998A8B191D06D6FB0013AFFD /* CheckDateView.xib in Resources */ = {isa = PBXBuildFile; fileRef = 998A8B181D06D6FB0013AFFD /* CheckDateView.xib */; };
		998A8B1B1D06D70A0013AFFD /* CheckDateView.swift in Sources */ = {isa = PBXBuildFile; fileRef = 998A8B1A1D06D70A0013AFFD /* CheckDateView.swift */; };
		998A8B1D1D0721E10013AFFD /* MenuViewController.swift in Sources */ = {isa = PBXBuildFile; fileRef = 998A8B1C1D0721E10013AFFD /* MenuViewController.swift */; };
/* End PBXBuildFile section */

/* Begin PBXFileReference section */
		9936A9BF1D07F9C700AE4E6C /* MenuItemTableViewCell.swift */ = {isa = PBXFileReference; fileEncoding = 4; lastKnownFileType = sourcecode.swift; name = MenuItemTableViewCell.swift; path = Views/MenuItemTableViewCell.swift; sourceTree = "<group>"; };
		9936A9C11D0802C600AE4E6C /* MenuItem.swift */ = {isa = PBXFileReference; fileEncoding = 4; lastKnownFileType = sourcecode.swift; name = MenuItem.swift; path = Models/MenuItem.swift; sourceTree = "<group>"; };
		9936A9C31D080A0300AE4E6C /* MainViewController.swift */ = {isa = PBXFileReference; fileEncoding = 4; lastKnownFileType = sourcecode.swift; name = MainViewController.swift; path = Controllers/MainViewController.swift; sourceTree = "<group>"; };
		9948AADE1D05CAB4005F88BF /* Agoda.app */ = {isa = PBXFileReference; explicitFileType = wrapper.application; includeInIndex = 0; path = Agoda.app; sourceTree = BUILT_PRODUCTS_DIR; };
		9948AAE11D05CAB4005F88BF /* AppDelegate.swift */ = {isa = PBXFileReference; lastKnownFileType = sourcecode.swift; path = AppDelegate.swift; sourceTree = "<group>"; };
		9948AAE61D05CAB5005F88BF /* Base */ = {isa = PBXFileReference; lastKnownFileType = file.storyboard; name = Base; path = Base.lproj/Main.storyboard; sourceTree = "<group>"; };
		9948AAE91D05CAB5005F88BF /* Agoda.xcdatamodel */ = {isa = PBXFileReference; lastKnownFileType = wrapper.xcdatamodel; path = Agoda.xcdatamodel; sourceTree = "<group>"; };
		9948AAEB1D05CAB5005F88BF /* Assets.xcassets */ = {isa = PBXFileReference; lastKnownFileType = folder.assetcatalog; path = Assets.xcassets; sourceTree = "<group>"; };
		9948AAEE1D05CAB5005F88BF /* Base */ = {isa = PBXFileReference; lastKnownFileType = file.storyboard; name = Base; path = Base.lproj/LaunchScreen.storyboard; sourceTree = "<group>"; };
		9948AAF01D05CAB5005F88BF /* Info.plist */ = {isa = PBXFileReference; lastKnownFileType = text.plist.xml; path = Info.plist; sourceTree = "<group>"; };
		995B0A241D09A73200F8432F /* ResultViewController.swift */ = {isa = PBXFileReference; fileEncoding = 4; lastKnownFileType = sourcecode.swift; name = ResultViewController.swift; path = Controllers/ResultViewController.swift; sourceTree = "<group>"; };
		998A8B051D065EAB0013AFFD /* HomePageViewController.swift */ = {isa = PBXFileReference; fileEncoding = 4; lastKnownFileType = sourcecode.swift; name = HomePageViewController.swift; path = Controllers/HomePageViewController.swift; sourceTree = "<group>"; };
		998A8B071D0660080013AFFD /* ViewController.swift */ = {isa = PBXFileReference; fileEncoding = 4; lastKnownFileType = sourcecode.swift; name = ViewController.swift; path = Controllers/ViewController.swift; sourceTree = "<group>"; };
		998A8B091D0661DF0013AFFD /* Place.swift */ = {isa = PBXFileReference; fileEncoding = 4; lastKnownFileType = sourcecode.swift; name = Place.swift; path = Models/Place.swift; sourceTree = "<group>"; };
		998A8B0B1D0698210013AFFD /* AgodaView.xib */ = {isa = PBXFileReference; fileEncoding = 4; lastKnownFileType = file.xib; name = AgodaView.xib; path = Views/AgodaView.xib; sourceTree = "<group>"; };
		998A8B0D1D0699470013AFFD /* AgodaView.swift */ = {isa = PBXFileReference; fileEncoding = 4; lastKnownFileType = sourcecode.swift; name = AgodaView.swift; path = Views/AgodaView.swift; sourceTree = "<group>"; };
		998A8B101D0699D00013AFFD /* UIView_Extension.swift */ = {isa = PBXFileReference; fileEncoding = 4; lastKnownFileType = sourcecode.swift; name = UIView_Extension.swift; path = Extensions/UIView_Extension.swift; sourceTree = "<group>"; };
		998A8B121D069D500013AFFD /* SearchViewController.swift */ = {isa = PBXFileReference; fileEncoding = 4; lastKnownFileType = sourcecode.swift; name = SearchViewController.swift; path = Controllers/SearchViewController.swift; sourceTree = "<group>"; };
		998A8B141D069DC40013AFFD /* UIViewController_Extension.swift */ = {isa = PBXFileReference; fileEncoding = 4; lastKnownFileType = sourcecode.swift; name = UIViewController_Extension.swift; path = Extensions/UIViewController_Extension.swift; sourceTree = "<group>"; };
		998A8B181D06D6FB0013AFFD /* CheckDateView.xib */ = {isa = PBXFileReference; fileEncoding = 4; lastKnownFileType = file.xib; name = CheckDateView.xib; path = Views/CheckDateView.xib; sourceTree = "<group>"; };
		998A8B1A1D06D70A0013AFFD /* CheckDateView.swift */ = {isa = PBXFileReference; fileEncoding = 4; lastKnownFileType = sourcecode.swift; name = CheckDateView.swift; path = Views/CheckDateView.swift; sourceTree = "<group>"; };
		998A8B1C1D0721E10013AFFD /* MenuViewController.swift */ = {isa = PBXFileReference; fileEncoding = 4; lastKnownFileType = sourcecode.swift; name = MenuViewController.swift; path = Controllers/MenuViewController.swift; sourceTree = "<group>"; };
/* End PBXFileReference section */

/* Begin PBXFrameworksBuildPhase section */
		9948AADB1D05CAB4005F88BF /* Frameworks */ = {
			isa = PBXFrameworksBuildPhase;
			buildActionMask = 2147483647;
			files = (
			);
			runOnlyForDeploymentPostprocessing = 0;
		};
/* End PBXFrameworksBuildPhase section */

/* Begin PBXGroup section */
		9936A9C51D080E0300AE4E6C /* AgodaView */ = {
			isa = PBXGroup;
			children = (
				998A8B0B1D0698210013AFFD /* AgodaView.xib */,
				998A8B0D1D0699470013AFFD /* AgodaView.swift */,
			);
			name = AgodaView;
			sourceTree = "<group>";
		};
		9936A9C61D080E0E00AE4E6C /* CheckDateView */ = {
			isa = PBXGroup;
			children = (
				998A8B181D06D6FB0013AFFD /* CheckDateView.xib */,
				998A8B1A1D06D70A0013AFFD /* CheckDateView.swift */,
			);
			name = CheckDateView;
			sourceTree = "<group>";
		};
		9948AAD51D05CAB4005F88BF = {
			isa = PBXGroup;
			children = (
				9948AAE01D05CAB4005F88BF /* Agoda */,
				9948AADF1D05CAB4005F88BF /* Products */,
			);
			sourceTree = "<group>";
		};
		9948AADF1D05CAB4005F88BF /* Products */ = {
			isa = PBXGroup;
			children = (
				9948AADE1D05CAB4005F88BF /* Agoda.app */,
			);
			name = Products;
			sourceTree = "<group>";
		};
		9948AAE01D05CAB4005F88BF /* Agoda */ = {
			isa = PBXGroup;
			children = (
				998A8B0F1D0699BF0013AFFD /* Extensions */,
				9948AAFA1D05CD12005F88BF /* Models */,
				9948AAF91D05CD0E005F88BF /* Controllers */,
				9948AAF81D05CD0A005F88BF /* Views */,
				9948AAE11D05CAB4005F88BF /* AppDelegate.swift */,
				9948AAE51D05CAB5005F88BF /* Main.storyboard */,
				9948AAEB1D05CAB5005F88BF /* Assets.xcassets */,
				9948AAED1D05CAB5005F88BF /* LaunchScreen.storyboard */,
				9948AAF01D05CAB5005F88BF /* Info.plist */,
				9948AAE81D05CAB5005F88BF /* Agoda.xcdatamodeld */,
			);
			path = Agoda;
			sourceTree = "<group>";
		};
		9948AAF81D05CD0A005F88BF /* Views */ = {
			isa = PBXGroup;
			children = (
				9936A9C61D080E0E00AE4E6C /* CheckDateView */,
				9936A9C51D080E0300AE4E6C /* AgodaView */,
				9936A9BF1D07F9C700AE4E6C /* MenuItemTableViewCell.swift */,
			);
			name = Views;
			sourceTree = "<group>";
		};
		9948AAF91D05CD0E005F88BF /* Controllers */ = {
			isa = PBXGroup;
			children = (
				998A8B051D065EAB0013AFFD /* HomePageViewController.swift */,
				998A8B071D0660080013AFFD /* ViewController.swift */,
				998A8B121D069D500013AFFD /* SearchViewController.swift */,
				998A8B1C1D0721E10013AFFD /* MenuViewController.swift */,
				9936A9C31D080A0300AE4E6C /* MainViewController.swift */,
				995B0A241D09A73200F8432F /* ResultViewController.swift */,
			);
			name = Controllers;
			sourceTree = "<group>";
		};
		9948AAFA1D05CD12005F88BF /* Models */ = {
			isa = PBXGroup;
			children = (
				998A8B091D0661DF0013AFFD /* Place.swift */,
				9936A9C11D0802C600AE4E6C /* MenuItem.swift */,
			);
			name = Models;
			sourceTree = "<group>";
		};
		998A8B0F1D0699BF0013AFFD /* Extensions */ = {
			isa = PBXGroup;
			children = (
				998A8B101D0699D00013AFFD /* UIView_Extension.swift */,
				998A8B141D069DC40013AFFD /* UIViewController_Extension.swift */,
			);
			name = Extensions;
			sourceTree = "<group>";
		};
/* End PBXGroup section */

/* Begin PBXNativeTarget section */
		9948AADD1D05CAB4005F88BF /* Agoda */ = {
			isa = PBXNativeTarget;
			buildConfigurationList = 9948AAF31D05CAB5005F88BF /* Build configuration list for PBXNativeTarget "Agoda" */;
			buildPhases = (
				9948AADA1D05CAB4005F88BF /* Sources */,
				9948AADB1D05CAB4005F88BF /* Frameworks */,
				9948AADC1D05CAB4005F88BF /* Resources */,
			);
			buildRules = (
			);
			dependencies = (
			);
			name = Agoda;
			productName = Agoda;
			productReference = 9948AADE1D05CAB4005F88BF /* Agoda.app */;
			productType = "com.apple.product-type.application";
		};
/* End PBXNativeTarget section */

/* Begin PBXProject section */
		9948AAD61D05CAB4005F88BF /* Project object */ = {
			isa = PBXProject;
			attributes = {
				LastSwiftUpdateCheck = 0730;
				LastUpgradeCheck = 0730;
				ORGANIZATIONNAME = Fantageek;
				TargetAttributes = {
					9948AADD1D05CAB4005F88BF = {
						CreatedOnToolsVersion = 7.3;
					};
				};
			};
			buildConfigurationList = 9948AAD91D05CAB4005F88BF /* Build configuration list for PBXProject "Agoda" */;
			compatibilityVersion = "Xcode 3.2";
			developmentRegion = English;
			hasScannedForEncodings = 0;
			knownRegions = (
				en,
				Base,
			);
			mainGroup = 9948AAD51D05CAB4005F88BF;
			productRefGroup = 9948AADF1D05CAB4005F88BF /* Products */;
			projectDirPath = "";
			projectRoot = "";
			targets = (
				9948AADD1D05CAB4005F88BF /* Agoda */,
			);
		};
/* End PBXProject section */

/* Begin PBXResourcesBuildPhase section */
		9948AADC1D05CAB4005F88BF /* Resources */ = {
			isa = PBXResourcesBuildPhase;
			buildActionMask = 2147483647;
			files = (
				9948AAEF1D05CAB5005F88BF /* LaunchScreen.storyboard in Resources */,
				998A8B0C1D0698210013AFFD /* AgodaView.xib in Resources */,
				9948AAEC1D05CAB5005F88BF /* Assets.xcassets in Resources */,
				9948AAE71D05CAB5005F88BF /* Main.storyboard in Resources */,
				998A8B191D06D6FB0013AFFD /* CheckDateView.xib in Resources */,
			);
			runOnlyForDeploymentPostprocessing = 0;
		};
/* End PBXResourcesBuildPhase section */

/* Begin PBXSourcesBuildPhase section */
		9948AADA1D05CAB4005F88BF /* Sources */ = {
			isa = PBXSourcesBuildPhase;
			buildActionMask = 2147483647;
			files = (
				9948AAEA1D05CAB5005F88BF /* Agoda.xcdatamodeld in Sources */,
				9948AAE21D05CAB4005F88BF /* AppDelegate.swift in Sources */,
				998A8B111D0699D00013AFFD /* UIView_Extension.swift in Sources */,
				998A8B1B1D06D70A0013AFFD /* CheckDateView.swift in Sources */,
				998A8B1D1D0721E10013AFFD /* MenuViewController.swift in Sources */,
				995B0A251D09A73200F8432F /* ResultViewController.swift in Sources */,
				998A8B081D0660080013AFFD /* ViewController.swift in Sources */,
				9936A9C21D0802C600AE4E6C /* MenuItem.swift in Sources */,
				9936A9C41D080A0300AE4E6C /* MainViewController.swift in Sources */,
				998A8B0E1D0699470013AFFD /* AgodaView.swift in Sources */,
				998A8B151D069DC40013AFFD /* UIViewController_Extension.swift in Sources */,
				998A8B061D065EAB0013AFFD /* HomePageViewController.swift in Sources */,
				9936A9C01D07F9C700AE4E6C /* MenuItemTableViewCell.swift in Sources */,
				998A8B0A1D0661DF0013AFFD /* Place.swift in Sources */,
				998A8B131D069D500013AFFD /* SearchViewController.swift in Sources */,
			);
			runOnlyForDeploymentPostprocessing = 0;
		};
/* End PBXSourcesBuildPhase section */

/* Begin PBXVariantGroup section */
		9948AAE51D05CAB5005F88BF /* Main.storyboard */ = {
			isa = PBXVariantGroup;
			children = (
				9948AAE61D05CAB5005F88BF /* Base */,
			);
			name = Main.storyboard;
			sourceTree = "<group>";
		};
		9948AAED1D05CAB5005F88BF /* LaunchScreen.storyboard */ = {
			isa = PBXVariantGroup;
			children = (
				9948AAEE1D05CAB5005F88BF /* Base */,
			);
			name = LaunchScreen.storyboard;
			sourceTree = "<group>";
		};
/* End PBXVariantGroup section */

/* Begin XCBuildConfiguration section */
		9948AAF11D05CAB5005F88BF /* Debug */ = {
			isa = XCBuildConfiguration;
			buildSettings = {
				ALWAYS_SEARCH_USER_PATHS = NO;
				CLANG_ANALYZER_NONNULL = YES;
				CLANG_CXX_LANGUAGE_STANDARD = "gnu++0x";
				CLANG_CXX_LIBRARY = "libc++";
				CLANG_ENABLE_MODULES = YES;
				CLANG_ENABLE_OBJC_ARC = YES;
				CLANG_WARN_BOOL_CONVERSION = YES;
				CLANG_WARN_CONSTANT_CONVERSION = YES;
				CLANG_WARN_DIRECT_OBJC_ISA_USAGE = YES_ERROR;
				CLANG_WARN_EMPTY_BODY = YES;
				CLANG_WARN_ENUM_CONVERSION = YES;
				CLANG_WARN_INT_CONVERSION = YES;
				CLANG_WARN_OBJC_ROOT_CLASS = YES_ERROR;
				CLANG_WARN_UNREACHABLE_CODE = YES;
				CLANG_WARN__DUPLICATE_METHOD_MATCH = YES;
				"CODE_SIGN_IDENTITY[sdk=iphoneos*]" = "iPhone Developer";
				COPY_PHASE_STRIP = NO;
				DEBUG_INFORMATION_FORMAT = dwarf;
				ENABLE_STRICT_OBJC_MSGSEND = YES;
				ENABLE_TESTABILITY = YES;
				GCC_C_LANGUAGE_STANDARD = gnu99;
				GCC_DYNAMIC_NO_PIC = NO;
				GCC_NO_COMMON_BLOCKS = YES;
				GCC_OPTIMIZATION_LEVEL = 0;
				GCC_PREPROCESSOR_DEFINITIONS = (
					"DEBUG=1",
					"$(inherited)",
				);
				GCC_WARN_64_TO_32_BIT_CONVERSION = YES;
				GCC_WARN_ABOUT_RETURN_TYPE = YES_ERROR;
				GCC_WARN_UNDECLARED_SELECTOR = YES;
				GCC_WARN_UNINITIALIZED_AUTOS = YES_AGGRESSIVE;
				GCC_WARN_UNUSED_FUNCTION = YES;
				GCC_WARN_UNUSED_VARIABLE = YES;
				IPHONEOS_DEPLOYMENT_TARGET = 9.3;
				MTL_ENABLE_DEBUG_INFO = YES;
				ONLY_ACTIVE_ARCH = YES;
				SDKROOT = iphoneos;
				SWIFT_OPTIMIZATION_LEVEL = "-Onone";
			};
			name = Debug;
		};
		9948AAF21D05CAB5005F88BF /* Release */ = {
			isa = XCBuildConfiguration;
			buildSettings = {
				ALWAYS_SEARCH_USER_PATHS = NO;
				CLANG_ANALYZER_NONNULL = YES;
				CLANG_CXX_LANGUAGE_STANDARD = "gnu++0x";
				CLANG_CXX_LIBRARY = "libc++";
				CLANG_ENABLE_MODULES = YES;
				CLANG_ENABLE_OBJC_ARC = YES;
				CLANG_WARN_BOOL_CONVERSION = YES;
				CLANG_WARN_CONSTANT_CONVERSION = YES;
				CLANG_WARN_DIRECT_OBJC_ISA_USAGE = YES_ERROR;
				CLANG_WARN_EMPTY_BODY = YES;
				CLANG_WARN_ENUM_CONVERSION = YES;
				CLANG_WARN_INT_CONVERSION = YES;
				CLANG_WARN_OBJC_ROOT_CLASS = YES_ERROR;
				CLANG_WARN_UNREACHABLE_CODE = YES;
				CLANG_WARN__DUPLICATE_METHOD_MATCH = YES;
				"CODE_SIGN_IDENTITY[sdk=iphoneos*]" = "iPhone Developer";
				COPY_PHASE_STRIP = NO;
				DEBUG_INFORMATION_FORMAT = "dwarf-with-dsym";
				ENABLE_NS_ASSERTIONS = NO;
				ENABLE_STRICT_OBJC_MSGSEND = YES;
				GCC_C_LANGUAGE_STANDARD = gnu99;
				GCC_NO_COMMON_BLOCKS = YES;
				GCC_WARN_64_TO_32_BIT_CONVERSION = YES;
				GCC_WARN_ABOUT_RETURN_TYPE = YES_ERROR;
				GCC_WARN_UNDECLARED_SELECTOR = YES;
				GCC_WARN_UNINITIALIZED_AUTOS = YES_AGGRESSIVE;
				GCC_WARN_UNUSED_FUNCTION = YES;
				GCC_WARN_UNUSED_VARIABLE = YES;
				IPHONEOS_DEPLOYMENT_TARGET = 9.3;
				MTL_ENABLE_DEBUG_INFO = NO;
				SDKROOT = iphoneos;
				VALIDATE_PRODUCT = YES;
			};
			name = Release;
		};
		9948AAF41D05CAB5005F88BF /* Debug */ = {
			isa = XCBuildConfiguration;
			buildSettings = {
				ASSETCATALOG_COMPILER_APPICON_NAME = AppIcon;
				INFOPLIST_FILE = Agoda/Info.plist;
				LD_RUNPATH_SEARCH_PATHS = "$(inherited) @executable_path/Frameworks";
				PRODUCT_BUNDLE_IDENTIFIER = com.fantageek.Agoda;
				PRODUCT_NAME = "$(TARGET_NAME)";
			};
			name = Debug;
		};
		9948AAF51D05CAB5005F88BF /* Release */ = {
			isa = XCBuildConfiguration;
			buildSettings = {
				ASSETCATALOG_COMPILER_APPICON_NAME = AppIcon;
				INFOPLIST_FILE = Agoda/Info.plist;
				LD_RUNPATH_SEARCH_PATHS = "$(inherited) @executable_path/Frameworks";
				PRODUCT_BUNDLE_IDENTIFIER = com.fantageek.Agoda;
				PRODUCT_NAME = "$(TARGET_NAME)";
			};
			name = Release;
		};
/* End XCBuildConfiguration section */

/* Begin XCConfigurationList section */
		9948AAD91D05CAB4005F88BF /* Build configuration list for PBXProject "Agoda" */ = {
			isa = XCConfigurationList;
			buildConfigurations = (
				9948AAF11D05CAB5005F88BF /* Debug */,
				9948AAF21D05CAB5005F88BF /* Release */,
			);
			defaultConfigurationIsVisible = 0;
			defaultConfigurationName = Release;
		};
		9948AAF31D05CAB5005F88BF /* Build configuration list for PBXNativeTarget "Agoda" */ = {
			isa = XCConfigurationList;
			buildConfigurations = (
				9948AAF41D05CAB5005F88BF /* Debug */,
				9948AAF51D05CAB5005F88BF /* Release */,
			);
			defaultConfigurationIsVisible = 0;
			defaultConfigurationName = Release;
		};
/* End XCConfigurationList section */

/* Begin XCVersionGroup section */
		9948AAE81D05CAB5005F88BF /* Agoda.xcdatamodeld */ = {
			isa = XCVersionGroup;
			children = (
				9948AAE91D05CAB5005F88BF /* Agoda.xcdatamodel */,
			);
			currentVersion = 9948AAE91D05CAB5005F88BF /* Agoda.xcdatamodel */;
			path = Agoda.xcdatamodeld;
			sourceTree = "<group>";
			versionGroupType = wrapper.xcdatamodel;
		};
/* End XCVersionGroup section */
	};
	rootObject = 9948AAD61D05CAB4005F88BF /* Project object */;
}
